
Microsoft Visual Studio Solution File, Format Version 12.00
# Visual Studio Version 16
VisualStudioVersion = 16.0.29209.62
MinimumVisualStudioVersion = 10.0.40219.1
Project("{FAE04EC0-301F-11D3-BF4B-00C04F79EFBC}") = "FIT5032_Week8B", "FIT5032_Week8B\FIT5032_Week8B.csproj", "{8BA72F6B-76BC-4CF2-9B16-2359BD694266}"
EndProject
Global
	GlobalSection(SolutionConfigurationPlatforms) = preSolution
		Debug|Any CPU = Debug|Any CPU
		Release|Any CPU = Release|Any CPU
	EndGlobalSection
	GlobalSection(ProjectConfigurationPlatforms) = postSolution
		{8BA72F6B-76BC-4CF2-9B16-2359BD694266}.Debug|Any CPU.ActiveCfg = Debug|Any CPU
		{8BA72F6B-76BC-4CF2-9B16-2359BD694266}.Debug|Any CPU.Build.0 = Debug|Any CPU
		{8BA72F6B-76BC-4CF2-9B16-2359BD694266}.Release|Any CPU.ActiveCfg = Release|Any CPU
		{8BA72F6B-76BC-4CF2-9B16-2359BD694266}.Release|Any CPU.Build.0 = Release|Any CPU
	EndGlobalSection
	GlobalSection(SolutionProperties) = preSolution
		HideSolutionNode = FALSE
	EndGlobalSection
	GlobalSection(ExtensibilityGlobals) = postSolution
		SolutionGuid = {688A2A2C-CCF2-4106-95D4-0A94E4D3EA4F}
	EndGlobalSection
EndGlobal
